
Microsoft Visual Studio Solution File, Format Version 12.00
# Visual Studio Version 16
VisualStudioVersion = 16.0.32228.343
MinimumVisualStudioVersion = 10.0.40219.1
Project("{FAE04EC0-301F-11D3-BF4B-00C04F79EFBC}") = "PrmmJr", "PrmmJr.csproj", "{91B9C52D-E91B-44F0-8E33-D3D513C343C9}"
EndProject
Global
	GlobalSection(SolutionConfigurationPlatforms) = preSolution
		Debug|Any CPU = Debug|Any CPU
		Release|Any CPU = Release|Any CPU
	EndGlobalSection
	GlobalSection(ProjectConfigurationPlatforms) = postSolution
		{91B9C52D-E91B-44F0-8E33-D3D513C343C9}.Debug|Any CPU.ActiveCfg = Debug|Any CPU
		{91B9C52D-E91B-44F0-8E33-D3D513C343C9}.Debug|Any CPU.Build.0 = Debug|Any CPU
		{91B9C52D-E91B-44F0-8E33-D3D513C343C9}.Release|Any CPU.ActiveCfg = Release|Any CPU
		{91B9C52D-E91B-44F0-8E33-D3D513C343C9}.Release|Any CPU.Build.0 = Release|Any CPU
	EndGlobalSection
	GlobalSection(SolutionProperties) = preSolution
		HideSolutionNode = FALSE
	EndGlobalSection
	GlobalSection(ExtensibilityGlobals) = postSolution
		SolutionGuid = {14A2FF77-6098-4BEB-8147-3BE7413ABFC1}
	EndGlobalSection
EndGlobal
